
Microsoft Visual Studio Solution File, Format Version 12.00
# Visual Studio Version 16
VisualStudioVersion = 16.0.29326.143
MinimumVisualStudioVersion = 10.0.40219.1
Project("{FAE04EC0-301F-11D3-BF4B-00C04F79EFBC}") = "Compressor", "compressor\Compressor.csproj", "{0466E242-501C-4A07-9803-07864A7F80FE}"
EndProject
Global
	GlobalSection(SolutionConfigurationPlatforms) = preSolution
		Debug|Any CPU = Debug|Any CPU
		Release|Any CPU = Release|Any CPU
	EndGlobalSection
	GlobalSection(ProjectConfigurationPlatforms) = postSolution
		{0466E242-501C-4A07-9803-07864A7F80FE}.Debug|Any CPU.ActiveCfg = Debug|Any CPU
		{0466E242-501C-4A07-9803-07864A7F80FE}.Debug|Any CPU.Build.0 = Debug|Any CPU
		{0466E242-501C-4A07-9803-07864A7F80FE}.Release|Any CPU.ActiveCfg = Release|Any CPU
		{0466E242-501C-4A07-9803-07864A7F80FE}.Release|Any CPU.Build.0 = Release|Any CPU
	EndGlobalSection
	GlobalSection(SolutionProperties) = preSolution
		HideSolutionNode = FALSE
	EndGlobalSection
	GlobalSection(ExtensibilityGlobals) = postSolution
		SolutionGuid = {E6EDD2C1-15E7-460C-889D-6A4B922F86C9}
	EndGlobalSection
EndGlobal
